hash: 8fd4df6e29d2bd01837079dd7ce614e63e55fb0f37e3a6ae799d906ff65893d7
updated: 2019-06-14T07:30:49.778944+02:00
imports:
- name: github.com/beorn7/perks
  version: 234731a4f01687625231ac651d6b2776e3f3142e
  subpackages:
  - quantile
- name: github.com/golang/protobuf
  version: b285ee9cfc6c881bb20c0d8dc73370ea9b9ec90f
  subpackages:
  - proto
- name: github.com/jessevdk/go-flags
  version: c0795c8afcf41dd1d786bebce68636c199b3bb45
- name: github.com/matttproud/golang_protobuf_extensions
  version: c182affec369e30f25d3eb8cd8a478dee585ae7d
  subpackages:
  - pbutil
- name: github.com/prometheus/client_golang
  version: 2641b987480bca71fb39738eb8c8b0d577cb1d76
  subpackages:
  - prometheus
  - prometheus/internal
  - prometheus/promhttp
- name: github.com/prometheus/client_model
  version: fd36f4220a901265f90734c3183c5f0c91daa0b8
  subpackages:
  - go
- name: github.com/prometheus/common
  version: 6125cc8d9fa0ecb5e6acad546bc61e4f093c19b1
  subpackages:
  - expfmt
  - internal/bitbucket.org/ww/goautoneg
  - model
- name: github.com/prometheus/procfs
  version: 1de2bc567d78f4ff415fd103412f7e5ec9e8876b
  subpackages:
  - internal/fs
testImports: []
